
Microsoft Visual Studio Solution File, Format Version 12.00
# Visual Studio Version 17
VisualStudioVersion = 17.13.35919.96
MinimumVisualStudioVersion = 10.0.40219.1
Project("{2150E333-8FDC-42A3-9474-1A3956D46DE8}") = "WinForm", "WinForm", "{02EA681E-C7D8-13C7-8484-4AC65E1B71E8}"
EndProject
Project("{FAE04EC0-301F-11D3-BF4B-00C04F79EFBC}") = "WinFormUI", "WinFormUI\WinFormUI.csproj", "{006E72EF-A110-482A-84C4-EECE738AFBD0}"
EndProject
Project("{FAE04EC0-301F-11D3-BF4B-00C04F79EFBC}") = "DAL", "DAL\DAL.csproj", "{A82C5F8B-D22E-4D4A-9403-1B935BFD1286}"
EndProject
Project("{FAE04EC0-301F-11D3-BF4B-00C04F79EFBC}") = "BLL", "BLL\BLL.csproj", "{F9437485-D29D-40BE-89CA-DF21F58A065D}"
EndProject
Project("{FAE04EC0-301F-11D3-BF4B-00C04F79EFBC}") = "WinFormTest", "WinFormTest\WinFormTest.csproj", "{00AE99EC-4222-451A-A23F-EF6D418154A3}"
EndProject
Project("{2150E333-8FDC-42A3-9474-1A3956D46DE8}") = "ASPNETMVC", "ASPNETMVC", "{18F66721-AF7E-4CC3-86F9-0352627962C6}"
EndProject
Project("{FAE04EC0-301F-11D3-BF4B-00C04F79EFBC}") = "ASPNETWEBMVC", "ASPNETWEBMVC\ASPNETWEBMVC.csproj", "{11FAE065-217E-4E05-9D88-63D5FA781CBC}"
EndProject
Project("{FAE04EC0-301F-11D3-BF4B-00C04F79EFBC}") = "ASPNETWEBMVCTests", "ASPNETWEBMVCTests\ASPNETWEBMVCTests.csproj", "{960F5C56-921F-4674-9312-7E8F75D4BA4B}"
EndProject
Project("{2150E333-8FDC-42A3-9474-1A3956D46DE8}") = "ASPNETCOREWEBRAZOR", "ASPNETCOREWEBRAZOR", "{06DB4857-EE0D-4EC2-AD91-9119B0302FA8}"
EndProject
Project("{FAE04EC0-301F-11D3-BF4B-00C04F79EFBC}") = "CoreWebAppRazor", "CoreWebAppRazor\CoreWebAppRazor.csproj", "{43204BCB-57FC-4FA5-9114-A175F185ADCC}"
EndProject
Project("{FAE04EC0-301F-11D3-BF4B-00C04F79EFBC}") = "CoreWebAppRazorTest", "CoreWebAppRazorTest\CoreWebAppRazorTest.csproj", "{094CFCDA-1F46-492C-A65B-7C3FFE5BB390}"
EndProject
Project("{2150E333-8FDC-42A3-9474-1A3956D46DE8}") = "ASPNETCOREWEBMVC", "ASPNETCOREWEBMVC", "{B969596A-4CC9-4F04-99D9-0C32F593285B}"
EndProject
Project("{FAE04EC0-301F-11D3-BF4B-00C04F79EFBC}") = "CoreWebAppMVC", "CoreWebAppMVC\CoreWebAppMVC.csproj", "{CC860DAE-4D9B-424B-8134-520F1EE5E502}"
EndProject
Global
	GlobalSection(SolutionConfigurationPlatforms) = preSolution
		Debug|Any CPU = Debug|Any CPU
		Release|Any CPU = Release|Any CPU
	EndGlobalSection
	GlobalSection(ProjectConfigurationPlatforms) = postSolution
		{006E72EF-A110-482A-84C4-EECE738AFBD0}.Debug|Any CPU.ActiveCfg = Debug|Any CPU
		{006E72EF-A110-482A-84C4-EECE738AFBD0}.Debug|Any CPU.Build.0 = Debug|Any CPU
		{006E72EF-A110-482A-84C4-EECE738AFBD0}.Release|Any CPU.ActiveCfg = Release|Any CPU
		{006E72EF-A110-482A-84C4-EECE738AFBD0}.Release|Any CPU.Build.0 = Release|Any CPU
		{A82C5F8B-D22E-4D4A-9403-1B935BFD1286}.Debug|Any CPU.ActiveCfg = Debug|Any CPU
		{A82C5F8B-D22E-4D4A-9403-1B935BFD1286}.Debug|Any CPU.Build.0 = Debug|Any CPU
		{A82C5F8B-D22E-4D4A-9403-1B935BFD1286}.Release|Any CPU.ActiveCfg = Release|Any CPU
		{A82C5F8B-D22E-4D4A-9403-1B935BFD1286}.Release|Any CPU.Build.0 = Release|Any CPU
		{F9437485-D29D-40BE-89CA-DF21F58A065D}.Debug|Any CPU.ActiveCfg = Debug|Any CPU
		{F9437485-D29D-40BE-89CA-DF21F58A065D}.Debug|Any CPU.Build.0 = Debug|Any CPU
		{F9437485-D29D-40BE-89CA-DF21F58A065D}.Release|Any CPU.ActiveCfg = Release|Any CPU
		{F9437485-D29D-40BE-89CA-DF21F58A065D}.Release|Any CPU.Build.0 = Release|Any CPU
		{00AE99EC-4222-451A-A23F-EF6D418154A3}.Debug|Any CPU.ActiveCfg = Debug|Any CPU
		{00AE99EC-4222-451A-A23F-EF6D418154A3}.Debug|Any CPU.Build.0 = Debug|Any CPU
		{00AE99EC-4222-451A-A23F-EF6D418154A3}.Release|Any CPU.ActiveCfg = Release|Any CPU
		{00AE99EC-4222-451A-A23F-EF6D418154A3}.Release|Any CPU.Build.0 = Release|Any CPU
		{11FAE065-217E-4E05-9D88-63D5FA781CBC}.Debug|Any CPU.ActiveCfg = Debug|Any CPU
		{11FAE065-217E-4E05-9D88-63D5FA781CBC}.Debug|Any CPU.Build.0 = Debug|Any CPU
		{11FAE065-217E-4E05-9D88-63D5FA781CBC}.Release|Any CPU.ActiveCfg = Release|Any CPU
		{11FAE065-217E-4E05-9D88-63D5FA781CBC}.Release|Any CPU.Build.0 = Release|Any CPU
		{960F5C56-921F-4674-9312-7E8F75D4BA4B}.Debug|Any CPU.ActiveCfg = Debug|Any CPU
		{960F5C56-921F-4674-9312-7E8F75D4BA4B}.Debug|Any CPU.Build.0 = Debug|Any CPU
		{960F5C56-921F-4674-9312-7E8F75D4BA4B}.Release|Any CPU.ActiveCfg = Release|Any CPU
		{960F5C56-921F-4674-9312-7E8F75D4BA4B}.Release|Any CPU.Build.0 = Release|Any CPU
		{43204BCB-57FC-4FA5-9114-A175F185ADCC}.Debug|Any CPU.ActiveCfg = Debug|Any CPU
		{43204BCB-57FC-4FA5-9114-A175F185ADCC}.Debug|Any CPU.Build.0 = Debug|Any CPU
		{43204BCB-57FC-4FA5-9114-A175F185ADCC}.Release|Any CPU.ActiveCfg = Release|Any CPU
		{43204BCB-57FC-4FA5-9114-A175F185ADCC}.Release|Any CPU.Build.0 = Release|Any CPU
		{094CFCDA-1F46-492C-A65B-7C3FFE5BB390}.Debug|Any CPU.ActiveCfg = Debug|Any CPU
		{094CFCDA-1F46-492C-A65B-7C3FFE5BB390}.Debug|Any CPU.Build.0 = Debug|Any CPU
		{094CFCDA-1F46-492C-A65B-7C3FFE5BB390}.Release|Any CPU.ActiveCfg = Release|Any CPU
		{094CFCDA-1F46-492C-A65B-7C3FFE5BB390}.Release|Any CPU.Build.0 = Release|Any CPU
		{CC860DAE-4D9B-424B-8134-520F1EE5E502}.Debug|Any CPU.ActiveCfg = Debug|Any CPU
		{CC860DAE-4D9B-424B-8134-520F1EE5E502}.Debug|Any CPU.Build.0 = Debug|Any CPU
		{CC860DAE-4D9B-424B-8134-520F1EE5E502}.Release|Any CPU.ActiveCfg = Release|Any CPU
		{CC860DAE-4D9B-424B-8134-520F1EE5E502}.Release|Any CPU.Build.0 = Release|Any CPU
	EndGlobalSection
	GlobalSection(SolutionProperties) = preSolution
		HideSolutionNode = FALSE
	EndGlobalSection
	GlobalSection(NestedProjects) = preSolution
		{006E72EF-A110-482A-84C4-EECE738AFBD0} = {02EA681E-C7D8-13C7-8484-4AC65E1B71E8}
		{A82C5F8B-D22E-4D4A-9403-1B935BFD1286} = {02EA681E-C7D8-13C7-8484-4AC65E1B71E8}
		{F9437485-D29D-40BE-89CA-DF21F58A065D} = {02EA681E-C7D8-13C7-8484-4AC65E1B71E8}
		{00AE99EC-4222-451A-A23F-EF6D418154A3} = {02EA681E-C7D8-13C7-8484-4AC65E1B71E8}
		{11FAE065-217E-4E05-9D88-63D5FA781CBC} = {18F66721-AF7E-4CC3-86F9-0352627962C6}
		{960F5C56-921F-4674-9312-7E8F75D4BA4B} = {18F66721-AF7E-4CC3-86F9-0352627962C6}
		{43204BCB-57FC-4FA5-9114-A175F185ADCC} = {06DB4857-EE0D-4EC2-AD91-9119B0302FA8}
		{094CFCDA-1F46-492C-A65B-7C3FFE5BB390} = {06DB4857-EE0D-4EC2-AD91-9119B0302FA8}
		{CC860DAE-4D9B-424B-8134-520F1EE5E502} = {B969596A-4CC9-4F04-99D9-0C32F593285B}
	EndGlobalSection
	GlobalSection(ExtensibilityGlobals) = postSolution
		SolutionGuid = {70B2E752-9880-4ACF-99E9-6E8D87047398}
	EndGlobalSection
EndGlobal
