
Microsoft Visual Studio Solution File, Format Version 12.00
# Visual Studio Version 17
VisualStudioVersion = 17.13.35919.96 d17.13
MinimumVisualStudioVersion = 10.0.40219.1
Project("{2150E333-8FDC-42A3-9474-1A3956D46DE8}") = "WebForm", "WebForm", "{02EA681E-C7D8-13C7-8484-4AC65E1B71E8}"
EndProject
Project("{FAE04EC0-301F-11D3-BF4B-00C04F79EFBC}") = "WinFormUI", "WinFormUI\WinFormUI.csproj", "{006E72EF-A110-482A-84C4-EECE738AFBD0}"
EndProject
Project("{FAE04EC0-301F-11D3-BF4B-00C04F79EFBC}") = "BLL", "BLL\BLL.csproj", "{D471EF76-FA29-4056-834E-6B1F1D058D93}"
EndProject
Project("{FAE04EC0-301F-11D3-BF4B-00C04F79EFBC}") = "DAL", "DAL\DAL.csproj", "{DC8EBBE9-C03F-4998-9A5E-EC3B2D715041}"
EndProject
Global
	GlobalSection(SolutionConfigurationPlatforms) = preSolution
		Debug|Any CPU = Debug|Any CPU
		Release|Any CPU = Release|Any CPU
	EndGlobalSection
	GlobalSection(ProjectConfigurationPlatforms) = postSolution
		{006E72EF-A110-482A-84C4-EECE738AFBD0}.Debug|Any CPU.ActiveCfg = Debug|Any CPU
		{006E72EF-A110-482A-84C4-EECE738AFBD0}.Debug|Any CPU.Build.0 = Debug|Any CPU
		{006E72EF-A110-482A-84C4-EECE738AFBD0}.Release|Any CPU.ActiveCfg = Release|Any CPU
		{006E72EF-A110-482A-84C4-EECE738AFBD0}.Release|Any CPU.Build.0 = Release|Any CPU
		{D471EF76-FA29-4056-834E-6B1F1D058D93}.Debug|Any CPU.ActiveCfg = Debug|Any CPU
		{D471EF76-FA29-4056-834E-6B1F1D058D93}.Debug|Any CPU.Build.0 = Debug|Any CPU
		{D471EF76-FA29-4056-834E-6B1F1D058D93}.Release|Any CPU.ActiveCfg = Release|Any CPU
		{D471EF76-FA29-4056-834E-6B1F1D058D93}.Release|Any CPU.Build.0 = Release|Any CPU
		{DC8EBBE9-C03F-4998-9A5E-EC3B2D715041}.Debug|Any CPU.ActiveCfg = Debug|Any CPU
		{DC8EBBE9-C03F-4998-9A5E-EC3B2D715041}.Debug|Any CPU.Build.0 = Debug|Any CPU
		{DC8EBBE9-C03F-4998-9A5E-EC3B2D715041}.Release|Any CPU.ActiveCfg = Release|Any CPU
		{DC8EBBE9-C03F-4998-9A5E-EC3B2D715041}.Release|Any CPU.Build.0 = Release|Any CPU
	EndGlobalSection
	GlobalSection(SolutionProperties) = preSolution
		HideSolutionNode = FALSE
	EndGlobalSection
	GlobalSection(NestedProjects) = preSolution
		{006E72EF-A110-482A-84C4-EECE738AFBD0} = {02EA681E-C7D8-13C7-8484-4AC65E1B71E8}
		{D471EF76-FA29-4056-834E-6B1F1D058D93} = {02EA681E-C7D8-13C7-8484-4AC65E1B71E8}
		{DC8EBBE9-C03F-4998-9A5E-EC3B2D715041} = {02EA681E-C7D8-13C7-8484-4AC65E1B71E8}
	EndGlobalSection
	GlobalSection(ExtensibilityGlobals) = postSolution
		SolutionGuid = {70B2E752-9880-4ACF-99E9-6E8D87047398}
	EndGlobalSection
EndGlobal
